{
  "name": "association",
  "version": "1.0.0",
  "lockfileVersion": 1,
  "requires": true,
  "dependencies": {
    "@vant/weapp": {
      "version": "1.8.4",
      "resolved": "https://registry.npmjs.org/@vant/weapp/-/weapp-1.8.4.tgz",
      "integrity": "sha512-SL0jns/orJHR8JwzvSBAX04U6d7RBqeL5Q2fIGYfd04rHS6RbRqfBxI8ABLQeXJ7iPm3E/8dDLEsIliam0ZfEw=="
    },
    "mp-html": {
      "version": "2.1.5",
      "resolved": "https://registry.npmjs.org/mp-html/-/mp-html-2.1.5.tgz",
      "integrity": "sha512-Mxm6+a5fi9kNcTuDwf8t9fjU7b31t+VV2MEbFlzC1ovcZrTTjAi3KRTqXHTKfUWVzMYPd83EUitex1wgV6QJ4A=="
    }
  }
}
